
Microsoft Visual Studio Solution File, Format Version 12.00
# Visual Studio Version 16
VisualStudioVersion = 16.0.29827.131
MinimumVisualStudioVersion = 15.0.26124.0
Project("{9A19103F-16F7-4668-BE54-9A1E7A4F7556}") = "DotnetDocs.Website", "DotnetDocs.Website\DotnetDocs.Website.csproj", "{6E64785A-105F-4561-876F-58B5309E4C37}"
EndProject
Global
	GlobalSection(SolutionConfigurationPlatforms) = preSolution
		Debug|Any CPU = Debug|Any CPU
		Release|Any CPU = Release|Any CPU
	EndGlobalSection
	GlobalSection(ProjectConfigurationPlatforms) = postSolution
		{6E64785A-105F-4561-876F-58B5309E4C37}.Debug|Any CPU.ActiveCfg = Debug|Any CPU
		{6E64785A-105F-4561-876F-58B5309E4C37}.Debug|Any CPU.Build.0 = Debug|Any CPU
		{6E64785A-105F-4561-876F-58B5309E4C37}.Release|Any CPU.ActiveCfg = Release|Any CPU
		{6E64785A-105F-4561-876F-58B5309E4C37}.Release|Any CPU.Build.0 = Release|Any CPU
	EndGlobalSection
	GlobalSection(SolutionProperties) = preSolution
		HideSolutionNode = FALSE
	EndGlobalSection
	GlobalSection(ExtensibilityGlobals) = postSolution
		SolutionGuid = {7895C455-5690-4E26-A70F-DAA4110CB56E}
	EndGlobalSection
EndGlobal
